
Microsoft Visual Studio Solution File, Format Version 12.00
# Visual Studio 15
VisualStudioVersion = 15.0.26124.0
MinimumVisualStudioVersion = 15.0.26124.0
Project("{2150E333-8FDC-42A3-9474-1A3956D46DE8}") = "src", "src", "{3B1DC73F-C347-4726-B10A-6AAE1CC708C4}"
EndProject
Project("{FAE04EC0-301F-11D3-BF4B-00C04F79EFBC}") = "DumpDiag.Console", "src\DumpDiag.Console\DumpDiag.Console.csproj", "{91D7D391-859A-4A32-AC23-6EAB40DA3380}"
EndProject
Project("{FAE04EC0-301F-11D3-BF4B-00C04F79EFBC}") = "DumpDiag.Core", "src\DumpDiag.Core\DumpDiag.Core.csproj", "{55DDFB91-6004-4F64-859E-C7E06DB67507}"
EndProject
Global
	GlobalSection(SolutionConfigurationPlatforms) = preSolution
		Debug|Any CPU = Debug|Any CPU
		Debug|x64 = Debug|x64
		Debug|x86 = Debug|x86
		Release|Any CPU = Release|Any CPU
		Release|x64 = Release|x64
		Release|x86 = Release|x86
	EndGlobalSection
	GlobalSection(SolutionProperties) = preSolution
		HideSolutionNode = FALSE
	EndGlobalSection
	GlobalSection(ProjectConfigurationPlatforms) = postSolution
		{91D7D391-859A-4A32-AC23-6EAB40DA3380}.Debug|Any CPU.ActiveCfg = Debug|Any CPU
		{91D7D391-859A-4A32-AC23-6EAB40DA3380}.Debug|Any CPU.Build.0 = Debug|Any CPU
		{91D7D391-859A-4A32-AC23-6EAB40DA3380}.Debug|x64.ActiveCfg = Debug|Any CPU
		{91D7D391-859A-4A32-AC23-6EAB40DA3380}.Debug|x64.Build.0 = Debug|Any CPU
		{91D7D391-859A-4A32-AC23-6EAB40DA3380}.Debug|x86.ActiveCfg = Debug|Any CPU
		{91D7D391-859A-4A32-AC23-6EAB40DA3380}.Debug|x86.Build.0 = Debug|Any CPU
		{91D7D391-859A-4A32-AC23-6EAB40DA3380}.Release|Any CPU.ActiveCfg = Release|Any CPU
		{91D7D391-859A-4A32-AC23-6EAB40DA3380}.Release|Any CPU.Build.0 = Release|Any CPU
		{91D7D391-859A-4A32-AC23-6EAB40DA3380}.Release|x64.ActiveCfg = Release|Any CPU
		{91D7D391-859A-4A32-AC23-6EAB40DA3380}.Release|x64.Build.0 = Release|Any CPU
		{91D7D391-859A-4A32-AC23-6EAB40DA3380}.Release|x86.ActiveCfg = Release|Any CPU
		{91D7D391-859A-4A32-AC23-6EAB40DA3380}.Release|x86.Build.0 = Release|Any CPU
		{55DDFB91-6004-4F64-859E-C7E06DB67507}.Debug|Any CPU.ActiveCfg = Debug|Any CPU
		{55DDFB91-6004-4F64-859E-C7E06DB67507}.Debug|Any CPU.Build.0 = Debug|Any CPU
		{55DDFB91-6004-4F64-859E-C7E06DB67507}.Debug|x64.ActiveCfg = Debug|Any CPU
		{55DDFB91-6004-4F64-859E-C7E06DB67507}.Debug|x64.Build.0 = Debug|Any CPU
		{55DDFB91-6004-4F64-859E-C7E06DB67507}.Debug|x86.ActiveCfg = Debug|Any CPU
		{55DDFB91-6004-4F64-859E-C7E06DB67507}.Debug|x86.Build.0 = Debug|Any CPU
		{55DDFB91-6004-4F64-859E-C7E06DB67507}.Release|Any CPU.ActiveCfg = Release|Any CPU
		{55DDFB91-6004-4F64-859E-C7E06DB67507}.Release|Any CPU.Build.0 = Release|Any CPU
		{55DDFB91-6004-4F64-859E-C7E06DB67507}.Release|x64.ActiveCfg = Release|Any CPU
		{55DDFB91-6004-4F64-859E-C7E06DB67507}.Release|x64.Build.0 = Release|Any CPU
		{55DDFB91-6004-4F64-859E-C7E06DB67507}.Release|x86.ActiveCfg = Release|Any CPU
		{55DDFB91-6004-4F64-859E-C7E06DB67507}.Release|x86.Build.0 = Release|Any CPU
	EndGlobalSection
	GlobalSection(NestedProjects) = preSolution
		{91D7D391-859A-4A32-AC23-6EAB40DA3380} = {3B1DC73F-C347-4726-B10A-6AAE1CC708C4}
		{55DDFB91-6004-4F64-859E-C7E06DB67507} = {3B1DC73F-C347-4726-B10A-6AAE1CC708C4}
	EndGlobalSection
EndGlobal
